
Microsoft Visual Studio Solution File, Format Version 12.00
# Visual Studio Version 16
VisualStudioVersion = 16.0.31624.102
MinimumVisualStudioVersion = 10.0.40219.1
Project("{9A19103F-16F7-4668-BE54-9A1E7A4F7556}") = "SeleniumUI", "SeleniumUI\SeleniumUI.csproj", "{9174AC96-406C-46A1-B6CB-E393F958CE42}"
EndProject
Project("{9A19103F-16F7-4668-BE54-9A1E7A4F7556}") = "SeleniumUI.NUnit.Automated.Tests", "SeleniumUI.NUnit.Automated.Tests\SeleniumUI.NUnit.Automated.Tests.csproj", "{B4DC6C56-2FBA-49F4-BA30-130280261DCC}"
EndProject
Project("{9A19103F-16F7-4668-BE54-9A1E7A4F7556}") = "SeleniumUI.MSTest.Automated.Tests", "SeleniumUI.MSTest.Automated.Tests\SeleniumUI.MSTest.Automated.Tests.csproj", "{793A51A6-C986-42EC-944C-3A586D9EC601}"
EndProject
Project("{9A19103F-16F7-4668-BE54-9A1E7A4F7556}") = "SeleniumUI.XUnit.Automated.Tests", "SeleniumUI.XUnit.Automated.Tests\SeleniumUI.XUnit.Automated.Tests.csproj", "{5B298E01-E320-4E48-8790-233821247B2D}"
EndProject
Project("{9A19103F-16F7-4668-BE54-9A1E7A4F7556}") = "TestBrowsers", "TestBrowsers\TestBrowsers.csproj", "{25754083-DB0C-45EB-AAA3-80EA9030A428}"
EndProject
Global
	GlobalSection(SolutionConfigurationPlatforms) = preSolution
		Debug|Any CPU = Debug|Any CPU
		Release|Any CPU = Release|Any CPU
	EndGlobalSection
	GlobalSection(ProjectConfigurationPlatforms) = postSolution
		{9174AC96-406C-46A1-B6CB-E393F958CE42}.Debug|Any CPU.ActiveCfg = Debug|Any CPU
		{9174AC96-406C-46A1-B6CB-E393F958CE42}.Debug|Any CPU.Build.0 = Debug|Any CPU
		{9174AC96-406C-46A1-B6CB-E393F958CE42}.Release|Any CPU.ActiveCfg = Release|Any CPU
		{9174AC96-406C-46A1-B6CB-E393F958CE42}.Release|Any CPU.Build.0 = Release|Any CPU
		{B4DC6C56-2FBA-49F4-BA30-130280261DCC}.Debug|Any CPU.ActiveCfg = Debug|Any CPU
		{B4DC6C56-2FBA-49F4-BA30-130280261DCC}.Debug|Any CPU.Build.0 = Debug|Any CPU
		{B4DC6C56-2FBA-49F4-BA30-130280261DCC}.Release|Any CPU.ActiveCfg = Release|Any CPU
		{B4DC6C56-2FBA-49F4-BA30-130280261DCC}.Release|Any CPU.Build.0 = Release|Any CPU
		{793A51A6-C986-42EC-944C-3A586D9EC601}.Debug|Any CPU.ActiveCfg = Debug|Any CPU
		{793A51A6-C986-42EC-944C-3A586D9EC601}.Debug|Any CPU.Build.0 = Debug|Any CPU
		{793A51A6-C986-42EC-944C-3A586D9EC601}.Release|Any CPU.ActiveCfg = Release|Any CPU
		{793A51A6-C986-42EC-944C-3A586D9EC601}.Release|Any CPU.Build.0 = Release|Any CPU
		{5B298E01-E320-4E48-8790-233821247B2D}.Debug|Any CPU.ActiveCfg = Debug|Any CPU
		{5B298E01-E320-4E48-8790-233821247B2D}.Debug|Any CPU.Build.0 = Debug|Any CPU
		{5B298E01-E320-4E48-8790-233821247B2D}.Release|Any CPU.ActiveCfg = Release|Any CPU
		{5B298E01-E320-4E48-8790-233821247B2D}.Release|Any CPU.Build.0 = Release|Any CPU
		{25754083-DB0C-45EB-AAA3-80EA9030A428}.Debug|Any CPU.ActiveCfg = Debug|Any CPU
		{25754083-DB0C-45EB-AAA3-80EA9030A428}.Debug|Any CPU.Build.0 = Debug|Any CPU
		{25754083-DB0C-45EB-AAA3-80EA9030A428}.Release|Any CPU.ActiveCfg = Release|Any CPU
		{25754083-DB0C-45EB-AAA3-80EA9030A428}.Release|Any CPU.Build.0 = Release|Any CPU
	EndGlobalSection
	GlobalSection(SolutionProperties) = preSolution
		HideSolutionNode = FALSE
	EndGlobalSection
	GlobalSection(ExtensibilityGlobals) = postSolution
		SolutionGuid = {630F6330-1EF3-4F8B-AE2B-63DA0C3B95A8}
	EndGlobalSection
EndGlobal
